
Microsoft Visual Studio Solution File, Format Version 12.00
# Visual Studio Version 17
VisualStudioVersion = 17.0.31903.59
MinimumVisualStudioVersion = 10.0.40219.1
Project("{FAE04EC0-301F-11D3-BF4B-00C04F79EFBC}") = "TesteDotnet.Domain", "TesteDotnet.Domain\TesteDotnet.Domain.csproj", "{58DFEDC7-5F04-4A7F-ABF3-9E5CAAEC0E14}"
EndProject
Project("{FAE04EC0-301F-11D3-BF4B-00C04F79EFBC}") = "TesteDotnet.Infrastructure", "TesteDotnet.Infrastructure\TesteDotnet.Infrastructure.csproj", "{13690F52-06F0-4E70-90E1-9889B638CD84}"
EndProject
Project("{FAE04EC0-301F-11D3-BF4B-00C04F79EFBC}") = "TesteDotnet.Tests", "TesteDotnet.Tests\TesteDotnet.Tests.csproj", "{3A08FFBF-1339-4C3D-AD7C-C8A86EE2DBC9}"
EndProject
Project("{FAE04EC0-301F-11D3-BF4B-00C04F79EFBC}") = "TesteDotnet.Application", "TesteDotnet.Application\TesteDotnet.Application.csproj", "{03BA47AD-0453-415E-907A-A8DA3431E9F5}"
EndProject
Project("{FAE04EC0-301F-11D3-BF4B-00C04F79EFBC}") = "TesteDotnet.Api", "TesteDotnet.Api\TesteDotnet.Api.csproj", "{5875D7F7-569A-4BD4-AC03-834FD5603671}"
EndProject
Global
	GlobalSection(SolutionConfigurationPlatforms) = preSolution
		Debug|Any CPU = Debug|Any CPU
		Release|Any CPU = Release|Any CPU
	EndGlobalSection
	GlobalSection(SolutionProperties) = preSolution
		HideSolutionNode = FALSE
	EndGlobalSection
	GlobalSection(ProjectConfigurationPlatforms) = postSolution
		{58DFEDC7-5F04-4A7F-ABF3-9E5CAAEC0E14}.Debug|Any CPU.ActiveCfg = Debug|Any CPU
		{58DFEDC7-5F04-4A7F-ABF3-9E5CAAEC0E14}.Debug|Any CPU.Build.0 = Debug|Any CPU
		{58DFEDC7-5F04-4A7F-ABF3-9E5CAAEC0E14}.Release|Any CPU.ActiveCfg = Release|Any CPU
		{58DFEDC7-5F04-4A7F-ABF3-9E5CAAEC0E14}.Release|Any CPU.Build.0 = Release|Any CPU
		{13690F52-06F0-4E70-90E1-9889B638CD84}.Debug|Any CPU.ActiveCfg = Debug|Any CPU
		{13690F52-06F0-4E70-90E1-9889B638CD84}.Debug|Any CPU.Build.0 = Debug|Any CPU
		{13690F52-06F0-4E70-90E1-9889B638CD84}.Release|Any CPU.ActiveCfg = Release|Any CPU
		{13690F52-06F0-4E70-90E1-9889B638CD84}.Release|Any CPU.Build.0 = Release|Any CPU
		{3A08FFBF-1339-4C3D-AD7C-C8A86EE2DBC9}.Debug|Any CPU.ActiveCfg = Debug|Any CPU
		{3A08FFBF-1339-4C3D-AD7C-C8A86EE2DBC9}.Debug|Any CPU.Build.0 = Debug|Any CPU
		{3A08FFBF-1339-4C3D-AD7C-C8A86EE2DBC9}.Release|Any CPU.ActiveCfg = Release|Any CPU
		{3A08FFBF-1339-4C3D-AD7C-C8A86EE2DBC9}.Release|Any CPU.Build.0 = Release|Any CPU
		{03BA47AD-0453-415E-907A-A8DA3431E9F5}.Debug|Any CPU.ActiveCfg = Debug|Any CPU
		{03BA47AD-0453-415E-907A-A8DA3431E9F5}.Debug|Any CPU.Build.0 = Debug|Any CPU
		{03BA47AD-0453-415E-907A-A8DA3431E9F5}.Release|Any CPU.ActiveCfg = Release|Any CPU
		{03BA47AD-0453-415E-907A-A8DA3431E9F5}.Release|Any CPU.Build.0 = Release|Any CPU
		{5875D7F7-569A-4BD4-AC03-834FD5603671}.Debug|Any CPU.ActiveCfg = Debug|Any CPU
		{5875D7F7-569A-4BD4-AC03-834FD5603671}.Debug|Any CPU.Build.0 = Debug|Any CPU
		{5875D7F7-569A-4BD4-AC03-834FD5603671}.Release|Any CPU.ActiveCfg = Release|Any CPU
		{5875D7F7-569A-4BD4-AC03-834FD5603671}.Release|Any CPU.Build.0 = Release|Any CPU
	EndGlobalSection
EndGlobal
